
Microsoft Visual Studio Solution File, Format Version 12.00
# Visual Studio Version 16
VisualStudioVersion = 16.0.31129.286
MinimumVisualStudioVersion = 10.0.40219.1
Project("{FAE04EC0-301F-11D3-BF4B-00C04F79EFBC}") = "Exercise15", "Exercise15\Exercise15.csproj", "{17EB0C14-0540-42E6-86E5-0775AE445644}"
EndProject
Global
	GlobalSection(SolutionConfigurationPlatforms) = preSolution
		Debug|Any CPU = Debug|Any CPU
		Release|Any CPU = Release|Any CPU
	EndGlobalSection
	GlobalSection(ProjectConfigurationPlatforms) = postSolution
		{17EB0C14-0540-42E6-86E5-0775AE445644}.Debug|Any CPU.ActiveCfg = Debug|Any CPU
		{17EB0C14-0540-42E6-86E5-0775AE445644}.Debug|Any CPU.Build.0 = Debug|Any CPU
		{17EB0C14-0540-42E6-86E5-0775AE445644}.Release|Any CPU.ActiveCfg = Release|Any CPU
		{17EB0C14-0540-42E6-86E5-0775AE445644}.Release|Any CPU.Build.0 = Release|Any CPU
	EndGlobalSection
	GlobalSection(SolutionProperties) = preSolution
		HideSolutionNode = FALSE
	EndGlobalSection
	GlobalSection(ExtensibilityGlobals) = postSolution
		SolutionGuid = {27C2BBD0-7A62-4F0C-9EEC-71148E118B2B}
	EndGlobalSection
EndGlobal
